
Microsoft Visual Studio Solution File, Format Version 12.00
# Visual Studio 15
VisualStudioVersion = 15.0.27130.2027
MinimumVisualStudioVersion = 10.0.40219.1
Project("{FAE04EC0-301F-11D3-BF4B-00C04F79EFBC}") = "FY RTC Grab", "FY RTC Grab\FY RTC Grab.csproj", "{B0AEF31E-FBF8-46DA-A95B-707D5D8F8D7E}"
EndProject
Global
	GlobalSection(SolutionConfigurationPlatforms) = preSolution
		Debug|Any CPU = Debug|Any CPU
		Release|Any CPU = Release|Any CPU
	EndGlobalSection
	GlobalSection(ProjectConfigurationPlatforms) = postSolution
		{B0AEF31E-FBF8-46DA-A95B-707D5D8F8D7E}.Debug|Any CPU.ActiveCfg = Debug|Any CPU
		{B0AEF31E-FBF8-46DA-A95B-707D5D8F8D7E}.Debug|Any CPU.Build.0 = Debug|Any CPU
		{B0AEF31E-FBF8-46DA-A95B-707D5D8F8D7E}.Release|Any CPU.ActiveCfg = Release|Any CPU
		{B0AEF31E-FBF8-46DA-A95B-707D5D8F8D7E}.Release|Any CPU.Build.0 = Release|Any CPU
	EndGlobalSection
	GlobalSection(SolutionProperties) = preSolution
		HideSolutionNode = FALSE
	EndGlobalSection
	GlobalSection(ExtensibilityGlobals) = postSolution
		SolutionGuid = {46DA9EC2-3A35-44F0-84DB-0CF1F2AFD8E6}
	EndGlobalSection
EndGlobal
